
Microsoft Visual Studio Solution File, Format Version 12.00
# Visual Studio Version 16
VisualStudioVersion = 16.0.29519.161
MinimumVisualStudioVersion = 10.0.40219.1
Project("{9A19103F-16F7-4668-BE54-9A1E7A4F7556}") = "Portal", "Portal.csproj", "{F8613553-5AD1-44AF-A53A-89A364C9BA05}"
EndProject
Global
	GlobalSection(SolutionConfigurationPlatforms) = preSolution
		Debug|Any CPU = Debug|Any CPU
		Release|Any CPU = Release|Any CPU
	EndGlobalSection
	GlobalSection(ProjectConfigurationPlatforms) = postSolution
		{F8613553-5AD1-44AF-A53A-89A364C9BA05}.Debug|Any CPU.ActiveCfg = Debug|Any CPU
		{F8613553-5AD1-44AF-A53A-89A364C9BA05}.Debug|Any CPU.Build.0 = Debug|Any CPU
		{F8613553-5AD1-44AF-A53A-89A364C9BA05}.Release|Any CPU.ActiveCfg = Release|Any CPU
		{F8613553-5AD1-44AF-A53A-89A364C9BA05}.Release|Any CPU.Build.0 = Release|Any CPU
	EndGlobalSection
	GlobalSection(SolutionProperties) = preSolution
		HideSolutionNode = FALSE
	EndGlobalSection
	GlobalSection(ExtensibilityGlobals) = postSolution
		SolutionGuid = {2F83537A-FDB3-428D-9675-AC741AD46CB4}
	EndGlobalSection
EndGlobal
